
Microsoft Visual Studio Solution File, Format Version 12.00
# Visual Studio 2012
Project("{FAE04EC0-301F-11D3-BF4B-00C04F79EFBC}") = "CHolaMundo", "CHolaMundo\CHolaMundo.csproj", "{D4FCCDF2-F942-4FB1-A4A5-580AA2882139}"
EndProject
Global
	GlobalSection(SolutionConfigurationPlatforms) = preSolution
		Debug|x86 = Debug|x86
		Release|x86 = Release|x86
	EndGlobalSection
	GlobalSection(ProjectConfigurationPlatforms) = postSolution
		{D4FCCDF2-F942-4FB1-A4A5-580AA2882139}.Debug|x86.ActiveCfg = Debug|x86
		{D4FCCDF2-F942-4FB1-A4A5-580AA2882139}.Debug|x86.Build.0 = Debug|x86
		{D4FCCDF2-F942-4FB1-A4A5-580AA2882139}.Release|x86.ActiveCfg = Release|x86
		{D4FCCDF2-F942-4FB1-A4A5-580AA2882139}.Release|x86.Build.0 = Release|x86
	EndGlobalSection
EndGlobal
